{
  "name": "fed22-api-ktv-grupp-11",
  "lockfileVersion": 2,
  "requires": true,
  "packages": {
    "": {
      "dependencies": {
        "ts-stopwatch": "^0.0.4"
      }
    },
    "node_modules/ts-stopwatch": {
      "version": "0.0.4",
      "resolved": "https://registry.npmjs.org/ts-stopwatch/-/ts-stopwatch-0.0.4.tgz",
      "integrity": "sha512-YUAV6lT4YiCrLckGkUsUp12Eo77NX3DK7HzFuFeDV702g/+Jz/IU80s7Boq+JhrqlocLELdgmpH+/y5XGBxLCQ=="
    }
  },
  "dependencies": {
    "ts-stopwatch": {
      "version": "0.0.4",
      "resolved": "https://registry.npmjs.org/ts-stopwatch/-/ts-stopwatch-0.0.4.tgz",
      "integrity": "sha512-YUAV6lT4YiCrLckGkUsUp12Eo77NX3DK7HzFuFeDV702g/+Jz/IU80s7Boq+JhrqlocLELdgmpH+/y5XGBxLCQ=="
    }
  }
}
